
Microsoft Visual Studio Solution File, Format Version 12.00
# Visual Studio 2013
VisualStudioVersion = 12.0.30723.0
MinimumVisualStudioVersion = 10.0.40219.1
Project("{FAE04EC0-301F-11D3-BF4B-00C04F79EFBC}") = "RestAPI", "RestAPI\RestAPI.csproj", "{38E18944-5429-4F42-AE66-8703DE28C488}"
EndProject
Project("{FAE04EC0-301F-11D3-BF4B-00C04F79EFBC}") = "RestAPI.Tests", "RestAPI.Tests\RestAPI.Tests.csproj", "{8A979145-B593-4E6D-9D34-EA319274D81C}"
EndProject
Project("{FAE04EC0-301F-11D3-BF4B-00C04F79EFBC}") = "WebClient", "WebClient\WebClient.csproj", "{AA3F3111-9B2E-41EB-8E18-DE8238449CFD}"
EndProject
Global
	GlobalSection(SolutionConfigurationPlatforms) = preSolution
		Debug|Any CPU = Debug|Any CPU
		Release|Any CPU = Release|Any CPU
	EndGlobalSection
	GlobalSection(ProjectConfigurationPlatforms) = postSolution
		{38E18944-5429-4F42-AE66-8703DE28C488}.Debug|Any CPU.ActiveCfg = Debug|Any CPU
		{38E18944-5429-4F42-AE66-8703DE28C488}.Debug|Any CPU.Build.0 = Debug|Any CPU
		{38E18944-5429-4F42-AE66-8703DE28C488}.Release|Any CPU.ActiveCfg = Release|Any CPU
		{38E18944-5429-4F42-AE66-8703DE28C488}.Release|Any CPU.Build.0 = Release|Any CPU
		{8A979145-B593-4E6D-9D34-EA319274D81C}.Debug|Any CPU.ActiveCfg = Debug|Any CPU
		{8A979145-B593-4E6D-9D34-EA319274D81C}.Debug|Any CPU.Build.0 = Debug|Any CPU
		{8A979145-B593-4E6D-9D34-EA319274D81C}.Release|Any CPU.ActiveCfg = Release|Any CPU
		{8A979145-B593-4E6D-9D34-EA319274D81C}.Release|Any CPU.Build.0 = Release|Any CPU
		{AA3F3111-9B2E-41EB-8E18-DE8238449CFD}.Debug|Any CPU.ActiveCfg = Debug|Any CPU
		{AA3F3111-9B2E-41EB-8E18-DE8238449CFD}.Debug|Any CPU.Build.0 = Debug|Any CPU
		{AA3F3111-9B2E-41EB-8E18-DE8238449CFD}.Release|Any CPU.ActiveCfg = Release|Any CPU
		{AA3F3111-9B2E-41EB-8E18-DE8238449CFD}.Release|Any CPU.Build.0 = Release|Any CPU
	EndGlobalSection
	GlobalSection(SolutionProperties) = preSolution
		HideSolutionNode = FALSE
	EndGlobalSection
EndGlobal
